
Microsoft Visual Studio Solution File, Format Version 12.00
# Visual Studio Version 17
VisualStudioVersion = 17.14.36212.18 d17.14
MinimumVisualStudioVersion = 10.0.40219.1
Project("{FAE04EC0-301F-11D3-BF4B-00C04F79EFBC}") = "StockInventoryAPI", "StockInventoryAPI.csproj", "{B03E3B7F-DC67-4D67-897E-5C780D1B03A3}"
EndProject
Global
	GlobalSection(SolutionConfigurationPlatforms) = preSolution
		Debug|Any CPU = Debug|Any CPU
		Release|Any CPU = Release|Any CPU
	EndGlobalSection
	GlobalSection(ProjectConfigurationPlatforms) = postSolution
		{B03E3B7F-DC67-4D67-897E-5C780D1B03A3}.Debug|Any CPU.ActiveCfg = Debug|Any CPU
		{B03E3B7F-DC67-4D67-897E-5C780D1B03A3}.Debug|Any CPU.Build.0 = Debug|Any CPU
		{B03E3B7F-DC67-4D67-897E-5C780D1B03A3}.Release|Any CPU.ActiveCfg = Release|Any CPU
		{B03E3B7F-DC67-4D67-897E-5C780D1B03A3}.Release|Any CPU.Build.0 = Release|Any CPU
	EndGlobalSection
	GlobalSection(SolutionProperties) = preSolution
		HideSolutionNode = FALSE
	EndGlobalSection
	GlobalSection(ExtensibilityGlobals) = postSolution
		SolutionGuid = {2ECCEF1C-6501-4680-977D-EF0AB231C2DD}
	EndGlobalSection
EndGlobal
